
Microsoft Visual Studio Solution File, Format Version 12.00
# Visual Studio Version 17
VisualStudioVersion = 17.5.33424.131
MinimumVisualStudioVersion = 10.0.40219.1
Project("{FAE04EC0-301F-11D3-BF4B-00C04F79EFBC}") = "meuSistema", "meuSistema.csproj", "{B2A54875-6950-42F7-BD6B-FC201594AC1F}"
EndProject
Global
	GlobalSection(SolutionConfigurationPlatforms) = preSolution
		Debug|Any CPU = Debug|Any CPU
		Release|Any CPU = Release|Any CPU
	EndGlobalSection
	GlobalSection(ProjectConfigurationPlatforms) = postSolution
		{B2A54875-6950-42F7-BD6B-FC201594AC1F}.Debug|Any CPU.ActiveCfg = Debug|Any CPU
		{B2A54875-6950-42F7-BD6B-FC201594AC1F}.Debug|Any CPU.Build.0 = Debug|Any CPU
		{B2A54875-6950-42F7-BD6B-FC201594AC1F}.Release|Any CPU.ActiveCfg = Release|Any CPU
		{B2A54875-6950-42F7-BD6B-FC201594AC1F}.Release|Any CPU.Build.0 = Release|Any CPU
	EndGlobalSection
	GlobalSection(SolutionProperties) = preSolution
		HideSolutionNode = FALSE
	EndGlobalSection
	GlobalSection(ExtensibilityGlobals) = postSolution
		SolutionGuid = {5F80F1BB-091A-482E-B43D-61EA948A008D}
	EndGlobalSection
EndGlobal
